
Microsoft Visual Studio Solution File, Format Version 12.00
# Visual Studio Version 16
VisualStudioVersion = 16.0.30717.126
MinimumVisualStudioVersion = 10.0.40219.1
Project("{FAE04EC0-301F-11D3-BF4B-00C04F79EFBC}") = "books", "books.csproj", "{1720AE45-A247-4A9A-9C12-9A30B46DB24F}"
EndProject
Global
	GlobalSection(SolutionConfigurationPlatforms) = preSolution
		Debug|Any CPU = Debug|Any CPU
		Release|Any CPU = Release|Any CPU
	EndGlobalSection
	GlobalSection(ProjectConfigurationPlatforms) = postSolution
		{1720AE45-A247-4A9A-9C12-9A30B46DB24F}.Debug|Any CPU.ActiveCfg = Debug|Any CPU
		{1720AE45-A247-4A9A-9C12-9A30B46DB24F}.Debug|Any CPU.Build.0 = Debug|Any CPU
		{1720AE45-A247-4A9A-9C12-9A30B46DB24F}.Release|Any CPU.ActiveCfg = Release|Any CPU
		{1720AE45-A247-4A9A-9C12-9A30B46DB24F}.Release|Any CPU.Build.0 = Release|Any CPU
	EndGlobalSection
	GlobalSection(SolutionProperties) = preSolution
		HideSolutionNode = FALSE
	EndGlobalSection
	GlobalSection(ExtensibilityGlobals) = postSolution
		SolutionGuid = {B852644D-1454-4032-BE5F-997513C51BF0}
	EndGlobalSection
EndGlobal
